#
# This file is autogenerated by pip-compile
# To update, run:
#
#    pip-compile --output-file=requirements.txt.lock requirements.txt
#
--index-url http://artifactory.audeering.local/artifactory/api/pypi/pypi/simple
--trusted-host artifactory.audeering.local

audata==0.5.10
audeer==1.0.7
audiofile==0.2.1          # via audata
cffi==1.12.3              # via soundfile
numpy==1.17.0             # via audata, audiofile, pandas
oyaml==0.9                # via audata
pandas==0.24.2            # via audata
pycountry==19.8.18        # via audata
pycparser==2.19           # via cffi
python-dateutil==2.8.0    # via pandas
pytz==2019.2              # via pandas
pyyaml==5.1.2             # via oyaml
six==1.12.0               # via python-dateutil
soundfile==0.10.2         # via audiofile
sox==1.3.7                # via audiofile
tqdm==4.34.0              # via audata, audeer
